<?xml version="1.0" encoding="utf-8"?>
<Project ToolsVersion="4.0" xmlns="http://schemas.microsoft.com/developer/msbuild/2003">
  <ItemGroup>
    <Natvis Include="wxWidgets.natvis" />
  </ItemGroup>
  <ItemGroup>
    <Filter Include="GUI">
      <UniqueIdentifier>{7ee3c53c-2f6a-447a-b3d5-681cb53dbf02}</UniqueIdentifier>
    </Filter>
  </ItemGroup>
  <ItemGroup>
    <ClCompile Include="ThePierGUI.cpp">
      <Filter>GUI</Filter>
    </ClCompile>
    <ClCompile Include="Main.cpp" />
    <ClCompile Include="cApp.cpp" />
    <ClCompile Include="Channel.cpp" />
    <ClCompile Include="Storage.cpp" />
    <ClCompile Include="Member.cpp" />
    <ClCompile Include="iMessage.cpp" />
    <ClCompile Include="User.cpp" />
    <ClCompile Include="MainTest.cpp" />
    <ClCompile Include="sync.cpp" />
    <ClCompile Include="LoginController.cpp" />
    <ClCompile Include="MainLogin.cpp" />
    <ClCompile Include="PierClient.cpp" />
    <ClCompile Include="PierListener.cpp" />
    <ClCompile Include="Protocol.cpp" />
    <ClCompile Include="Uuid.cpp" />
    <ClCompile Include="NetworkTest.cpp" />
  </ItemGroup>
  <ItemGroup>
    <ClInclude Include="ThePierGUI.h">
      <Filter>GUI</Filter>
    </ClInclude>
    <ClInclude Include="Main.h" />
    <ClInclude Include="cApp.h" />
    <ClInclude Include="Channel.h" />
    <ClInclude Include="Storage.h" />
    <ClInclude Include="Member.h" />
    <ClInclude Include="iMessage.h" />
    <ClInclude Include="STDimport.h" />
    <ClInclude Include="User.h" />
    <ClInclude Include="LoginController.h" />
    <ClInclude Include="PierClient.h" />
    <ClInclude Include="PierListener.h" />
    <ClInclude Include="Protocol.h" />
    <ClInclude Include="MainLoginInterface.h" />
    <ClInclude Include="MainReceiveMessageInterface.h" />
    <ClInclude Include="Uuid.h" />
    <ClInclude Include="Tests.h" />
  </ItemGroup>
  <ItemGroup>
    <Image Include="boat.ico" />
  </ItemGroup>
</Project>